dependencies:
- name: kube-prometheus-stack
  repository: https://prometheus-community.github.io/helm-charts
  version: 16.7.1
- name: prometheus-pushgateway
  repository: https://prometheus-community.github.io/helm-charts
  version: 1.10.1
- name: promxy
  repository: https://valar999.github.io/helm-charts
  version: 0.9.3
digest: sha256:4ca07deb022ce4ca268654b448b7e0c819ede565d793b8238d10547b44cdc4fd
generated: "2021-07-07T23:49:45.601662+03:00"
