dependencies:
- name: kube-prometheus-stack
  repository: https://prometheus-community.github.io/helm-charts
  version: 16.7.1
- name: prometheus-pushgateway
  repository: https://prometheus-community.github.io/helm-charts
  version: 1.9.0
- name: promxy
  repository: https://valar999.github.io/helm-charts
  version: 0.9.3
digest: sha256:81ee02d51ff2793f5790ba256146daf260d9aa3a5e01e7360ace49248752fb94
generated: "2021-06-24T11:27:35.636599+03:00"
