dependencies:
- name: kube-prometheus-stack
  repository: https://prometheus-community.github.io/helm-charts
  version: 16.7.1
- name: prometheus-pushgateway
  repository: https://prometheus-community.github.io/helm-charts
  version: 1.9.0
- name: promxy
  repository: https://valar999.github.io/helm-charts
  version: 0.9.2
digest: sha256:69794d375a2e3d6e914553aeeea06f2cb5060386d3a863ae5a83dd1ecd6d38f7
generated: "2021-06-23T14:50:36.665075+03:00"
